// !$*UTF8*$!
{
	archiveVersion = 1;
	classes = {
	};
	objectVersion = 50;
	objects = {

/* Begin PBXBuildFile section */
		96BB487A25500EDC001F4643 /* AppDelegate.swift in Sources */ = {isa = PBXBuildFile; fileRef = 96BB487925500EDC001F4643 /* AppDelegate.swift */; };
		96BB487C25500EDC001F4643 /* SceneDelegate.swift in Sources */ = {isa = PBXBuildFile; fileRef = 96BB487B25500EDC001F4643 /* SceneDelegate.swift */; };
		96BB487E25500EDC001F4643 /* ViewController.swift in Sources */ = {isa = PBXBuildFile; fileRef = 96BB487D25500EDC001F4643 /* ViewController.swift */; };
		96BB488125500EDC001F4643 /* Main.storyboard in Resources */ = {isa = PBXBuildFile; fileRef = 96BB487F25500EDC001F4643 /* Main.storyboard */; };
		96BB488325500EDD001F4643 /* Assets.xcassets in Resources */ = {isa = PBXBuildFile; fileRef = 96BB488225500EDD001F4643 /* Assets.xcassets */; };
		96BB488625500EDD001F4643 /* LaunchScreen.storyboard in Resources */ = {isa = PBXBuildFile; fileRef = 96BB488425500EDD001F4643 /* LaunchScreen.storyboard */; };
		96BB489125500EDD001F4643 /* PhotoAppTests.swift in Sources */ = {isa = PBXBuildFile; fileRef = 96BB489025500EDD001F4643 /* PhotoAppTests.swift */; };
		96BB489C25500EDD001F4643 /* PhotoAppUITests.swift in Sources */ = {isa = PBXBuildFile; fileRef = 96BB489B25500EDD001F4643 /* PhotoAppUITests.swift */; };
		96BB48AD2550134A001F4643 /* UserModelTets.swift in Sources */ = {isa = PBXBuildFile; fileRef = 96BB48AC2550134A001F4643 /* UserModelTets.swift */; };
		96BB48DF25554FF7001F4643 /* SignupFormModalValidatorTests.swift in Sources */ = {isa = PBXBuildFile; fileRef = 96BB48DE25554FF7001F4643 /* SignupFormModalValidatorTests.swift */; };
		96BB48EA2555510C001F4643 /* SignupFormModalValidator.swift in Sources */ = {isa = PBXBuildFile; fileRef = 96BB48E92555510C001F4643 /* SignupFormModalValidator.swift */; };
		96CCD81C255555C100410FF1 /* SignupConstants.swift in Sources */ = {isa = PBXBuildFile; fileRef = 96CCD81B255555C100410FF1 /* SignupConstants.swift */; };
/* End PBXBuildFile section */

/* Begin PBXContainerItemProxy section */
		96BB488D25500EDD001F4643 /* PBXContainerItemProxy */ = {
			isa = PBXContainerItemProxy;
			containerPortal = 96BB486E25500EDC001F4643 /* Project object */;
			proxyType = 1;
			remoteGlobalIDString = 96BB487525500EDC001F4643;
			remoteInfo = PhotoApp;
		};
		96BB489825500EDD001F4643 /* PBXContainerItemProxy */ = {
			isa = PBXContainerItemProxy;
			containerPortal = 96BB486E25500EDC001F4643 /* Project object */;
			proxyType = 1;
			remoteGlobalIDString = 96BB487525500EDC001F4643;
			remoteInfo = PhotoApp;
		};
/* End PBXContainerItemProxy section */

/* Begin PBXFileReference section */
		96BB487625500EDC001F4643 /* PhotoApp.app */ = {isa = PBXFileReference; explicitFileType = wrapper.application; includeInIndex = 0; path = PhotoApp.app; sourceTree = BUILT_PRODUCTS_DIR; };
		96BB487925500EDC001F4643 /* AppDelegate.swift */ = {isa = PBXFileReference; lastKnownFileType = sourcecode.swift; path = AppDelegate.swift; sourceTree = "<group>"; };
		96BB487B25500EDC001F4643 /* SceneDelegate.swift */ = {isa = PBXFileReference; lastKnownFileType = sourcecode.swift; path = SceneDelegate.swift; sourceTree = "<group>"; };
		96BB487D25500EDC001F4643 /* ViewController.swift */ = {isa = PBXFileReference; lastKnownFileType = sourcecode.swift; path = ViewController.swift; sourceTree = "<group>"; };
		96BB488025500EDC001F4643 /* Base */ = {isa = PBXFileReference; lastKnownFileType = file.storyboard; name = Base; path = Base.lproj/Main.storyboard; sourceTree = "<group>"; };
		96BB488225500EDD001F4643 /* Assets.xcassets */ = {isa = PBXFileReference; lastKnownFileType = folder.assetcatalog; path = Assets.xcassets; sourceTree = "<group>"; };
		96BB488525500EDD001F4643 /* Base */ = {isa = PBXFileReference; lastKnownFileType = file.storyboard; name = Base; path = Base.lproj/LaunchScreen.storyboard; sourceTree = "<group>"; };
		96BB488725500EDD001F4643 /* Info.plist */ = {isa = PBXFileReference; lastKnownFileType = text.plist.xml; path = Info.plist; sourceTree = "<group>"; };
		96BB488C25500EDD001F4643 /* PhotoAppTests.xctest */ = {isa = PBXFileReference; explicitFileType = wrapper.cfbundle; includeInIndex = 0; path = PhotoAppTests.xctest; sourceTree = BUILT_PRODUCTS_DIR; };
		96BB489025500EDD001F4643 /* PhotoAppTests.swift */ = {isa = PBXFileReference; lastKnownFileType = sourcecode.swift; path = PhotoAppTests.swift; sourceTree = "<group>"; };
		96BB489225500EDD001F4643 /* Info.plist */ = {isa = PBXFileReference; lastKnownFileType = text.plist.xml; path = Info.plist; sourceTree = "<group>"; };
		96BB489725500EDD001F4643 /* PhotoAppUITests.xctest */ = {isa = PBXFileReference; explicitFileType = wrapper.cfbundle; includeInIndex = 0; path = PhotoAppUITests.xctest; sourceTree = BUILT_PRODUCTS_DIR; };
		96BB489B25500EDD001F4643 /* PhotoAppUITests.swift */ = {isa = PBXFileReference; lastKnownFileType = sourcecode.swift; path = PhotoAppUITests.swift; sourceTree = "<group>"; };
		96BB489D25500EDD001F4643 /* Info.plist */ = {isa = PBXFileReference; lastKnownFileType = text.plist.xml; path = Info.plist; sourceTree = "<group>"; };
		96BB48AC2550134A001F4643 /* UserModelTets.swift */ = {isa = PBXFileReference; lastKnownFileType = sourcecode.swift; path = UserModelTets.swift; sourceTree = "<group>"; };
		96BB48DE25554FF7001F4643 /* SignupFormModalValidatorTests.swift */ = {isa = PBXFileReference; lastKnownFileType = sourcecode.swift; path = SignupFormModalValidatorTests.swift; sourceTree = "<group>"; };
		96BB48E92555510C001F4643 /* SignupFormModalValidator.swift */ = {isa = PBXFileReference; lastKnownFileType = sourcecode.swift; path = SignupFormModalValidator.swift; sourceTree = "<group>"; };
		96CCD81B255555C100410FF1 /* SignupConstants.swift */ = {isa = PBXFileReference; lastKnownFileType = sourcecode.swift; path = SignupConstants.swift; sourceTree = "<group>"; };
/* End PBXFileReference section */

/* Begin PBXFrameworksBuildPhase section */
		96BB487325500EDC001F4643 /* Frameworks */ = {
			isa = PBXFrameworksBuildPhase;
			buildActionMask = 2147483647;
			files = (
			);
			runOnlyForDeploymentPostprocessing = 0;
		};
		96BB488925500EDD001F4643 /* Frameworks */ = {
			isa = PBXFrameworksBuildPhase;
			buildActionMask = 2147483647;
			files = (
			);
			runOnlyForDeploymentPostprocessing = 0;
		};
		96BB489425500EDD001F4643 /* Frameworks */ = {
			isa = PBXFrameworksBuildPhase;
			buildActionMask = 2147483647;
			files = (
			);
			runOnlyForDeploymentPostprocessing = 0;
		};
/* End PBXFrameworksBuildPhase section */

/* Begin PBXGroup section */
		96BB486D25500EDC001F4643 = {
			isa = PBXGroup;
			children = (
				96BB487825500EDC001F4643 /* PhotoApp */,
				96BB488F25500EDD001F4643 /* PhotoAppTests */,
				96BB489A25500EDD001F4643 /* PhotoAppUITests */,
				96BB487725500EDC001F4643 /* Products */,
			);
			sourceTree = "<group>";
		};
		96BB487725500EDC001F4643 /* Products */ = {
			isa = PBXGroup;
			children = (
				96BB487625500EDC001F4643 /* PhotoApp.app */,
				96BB488C25500EDD001F4643 /* PhotoAppTests.xctest */,
				96BB489725500EDD001F4643 /* PhotoAppUITests.xctest */,
			);
			name = Products;
			sourceTree = "<group>";
		};
		96BB487825500EDC001F4643 /* PhotoApp */ = {
			isa = PBXGroup;
			children = (
				96BB487925500EDC001F4643 /* AppDelegate.swift */,
				96BB487B25500EDC001F4643 /* SceneDelegate.swift */,
				96BB487D25500EDC001F4643 /* ViewController.swift */,
				96BB487F25500EDC001F4643 /* Main.storyboard */,
				96BB488225500EDD001F4643 /* Assets.xcassets */,
				96BB488425500EDD001F4643 /* LaunchScreen.storyboard */,
				96BB488725500EDD001F4643 /* Info.plist */,
				96BB48E92555510C001F4643 /* SignupFormModalValidator.swift */,
				96CCD81B255555C100410FF1 /* SignupConstants.swift */,
			);
			path = PhotoApp;
			sourceTree = "<group>";
		};
		96BB488F25500EDD001F4643 /* PhotoAppTests */ = {
			isa = PBXGroup;
			children = (
				96BB489225500EDD001F4643 /* Info.plist */,
				96BB489025500EDD001F4643 /* PhotoAppTests.swift */,
				96BB48AC2550134A001F4643 /* UserModelTets.swift */,
				96BB48DE25554FF7001F4643 /* SignupFormModalValidatorTests.swift */,
			);
			path = PhotoAppTests;
			sourceTree = "<group>";
		};
		96BB489A25500EDD001F4643 /* PhotoAppUITests */ = {
			isa = PBXGroup;
			children = (
				96BB489B25500EDD001F4643 /* PhotoAppUITests.swift */,
				96BB489D25500EDD001F4643 /* Info.plist */,
			);
			path = PhotoAppUITests;
			sourceTree = "<group>";
		};
/* End PBXGroup section */

/* Begin PBXNativeTarget section */
		96BB487525500EDC001F4643 /* PhotoApp */ = {
			isa = PBXNativeTarget;
			buildConfigurationList = 96BB48A025500EDD001F4643 /* Build configuration list for PBXNativeTarget "PhotoApp" */;
			buildPhases = (
				96BB487225500EDC001F4643 /* Sources */,
				96BB487325500EDC001F4643 /* Frameworks */,
				96BB487425500EDC001F4643 /* Resources */,
			);
			buildRules = (
			);
			dependencies = (
			);
			name = PhotoApp;
			productName = PhotoApp;
			productReference = 96BB487625500EDC001F4643 /* PhotoApp.app */;
			productType = "com.apple.product-type.application";
		};
		96BB488B25500EDD001F4643 /* PhotoAppTests */ = {
			isa = PBXNativeTarget;
			buildConfigurationList = 96BB48A325500EDD001F4643 /* Build configuration list for PBXNativeTarget "PhotoAppTests" */;
			buildPhases = (
				96BB488825500EDD001F4643 /* Sources */,
				96BB488925500EDD001F4643 /* Frameworks */,
				96BB488A25500EDD001F4643 /* Resources */,
			);
			buildRules = (
			);
			dependencies = (
				96BB488E25500EDD001F4643 /* PBXTargetDependency */,
			);
			name = PhotoAppTests;
			productName = PhotoAppTests;
			productReference = 96BB488C25500EDD001F4643 /* PhotoAppTests.xctest */;
			productType = "com.apple.product-type.bundle.unit-test";
		};
		96BB489625500EDD001F4643 /* PhotoAppUITests */ = {
			isa = PBXNativeTarget;
			buildConfigurationList = 96BB48A625500EDD001F4643 /* Build configuration list for PBXNativeTarget "PhotoAppUITests" */;
			buildPhases = (
				96BB489325500EDD001F4643 /* Sources */,
				96BB489425500EDD001F4643 /* Frameworks */,
				96BB489525500EDD001F4643 /* Resources */,
			);
			buildRules = (
			);
			dependencies = (
				96BB489925500EDD001F4643 /* PBXTargetDependency */,
			);
			name = PhotoAppUITests;
			productName = PhotoAppUITests;
			productReference = 96BB489725500EDD001F4643 /* PhotoAppUITests.xctest */;
			productType = "com.apple.product-type.bundle.ui-testing";
		};
/* End PBXNativeTarget section */

/* Begin PBXProject section */
		96BB486E25500EDC001F4643 /* Project object */ = {
			isa = PBXProject;
			attributes = {
				LastSwiftUpdateCheck = 1210;
				LastUpgradeCheck = 1210;
				TargetAttributes = {
					96BB487525500EDC001F4643 = {
						CreatedOnToolsVersion = 12.1;
					};
					96BB488B25500EDD001F4643 = {
						CreatedOnToolsVersion = 12.1;
						TestTargetID = 96BB487525500EDC001F4643;
					};
					96BB489625500EDD001F4643 = {
						CreatedOnToolsVersion = 12.1;
						TestTargetID = 96BB487525500EDC001F4643;
					};
				};
			};
			buildConfigurationList = 96BB487125500EDC001F4643 /* Build configuration list for PBXProject "PhotoApp" */;
			compatibilityVersion = "Xcode 9.3";
			developmentRegion = en;
			hasScannedForEncodings = 0;
			knownRegions = (
				en,
				Base,
			);
			mainGroup = 96BB486D25500EDC001F4643;
			productRefGroup = 96BB487725500EDC001F4643 /* Products */;
			projectDirPath = "";
			projectRoot = "";
			targets = (
				96BB487525500EDC001F4643 /* PhotoApp */,
				96BB488B25500EDD001F4643 /* PhotoAppTests */,
				96BB489625500EDD001F4643 /* PhotoAppUITests */,
			);
		};
/* End PBXProject section */

/* Begin PBXResourcesBuildPhase section */
		96BB487425500EDC001F4643 /* Resources */ = {
			isa = PBXResourcesBuildPhase;
			buildActionMask = 2147483647;
			files = (
				96BB488625500EDD001F4643 /* LaunchScreen.storyboard in Resources */,
				96BB488325500EDD001F4643 /* Assets.xcassets in Resources */,
				96BB488125500EDC001F4643 /* Main.storyboard in Resources */,
			);
			runOnlyForDeploymentPostprocessing = 0;
		};
		96BB488A25500EDD001F4643 /* Resources */ = {
			isa = PBXResourcesBuildPhase;
			buildActionMask = 2147483647;
			files = (
			);
			runOnlyForDeploymentPostprocessing = 0;
		};
		96BB489525500EDD001F4643 /* Resources */ = {
			isa = PBXResourcesBuildPhase;
			buildActionMask = 2147483647;
			files = (
			);
			runOnlyForDeploymentPostprocessing = 0;
		};
/* End PBXResourcesBuildPhase section */

/* Begin PBXSourcesBuildPhase section */
		96BB487225500EDC001F4643 /* Sources */ = {
			isa = PBXSourcesBuildPhase;
			buildActionMask = 2147483647;
			files = (
				96BB487E25500EDC001F4643 /* ViewController.swift in Sources */,
				96BB487A25500EDC001F4643 /* AppDelegate.swift in Sources */,
				96BB48EA2555510C001F4643 /* SignupFormModalValidator.swift in Sources */,
				96CCD81C255555C100410FF1 /* SignupConstants.swift in Sources */,
				96BB487C25500EDC001F4643 /* SceneDelegate.swift in Sources */,
			);
			runOnlyForDeploymentPostprocessing = 0;
		};
		96BB488825500EDD001F4643 /* Sources */ = {
			isa = PBXSourcesBuildPhase;
			buildActionMask = 2147483647;
			files = (
				96BB48DF25554FF7001F4643 /* SignupFormModalValidatorTests.swift in Sources */,
				96BB48AD2550134A001F4643 /* UserModelTets.swift in Sources */,
				96BB489125500EDD001F4643 /* PhotoAppTests.swift in Sources */,
			);
			runOnlyForDeploymentPostprocessing = 0;
		};
		96BB489325500EDD001F4643 /* Sources */ = {
			isa = PBXSourcesBuildPhase;
			buildActionMask = 2147483647;
			files = (
				96BB489C25500EDD001F4643 /* PhotoAppUITests.swift in Sources */,
			);
			runOnlyForDeploymentPostprocessing = 0;
		};
/* End PBXSourcesBuildPhase section */

/* Begin PBXTargetDependency section */
		96BB488E25500EDD001F4643 /* PBXTargetDependency */ = {
			isa = PBXTargetDependency;
			target = 96BB487525500EDC001F4643 /* PhotoApp */;
			targetProxy = 96BB488D25500EDD001F4643 /* PBXContainerItemProxy */;
		};
		96BB489925500EDD001F4643 /* PBXTargetDependency */ = {
			isa = PBXTargetDependency;
			target = 96BB487525500EDC001F4643 /* PhotoApp */;
			targetProxy = 96BB489825500EDD001F4643 /* PBXContainerItemProxy */;
		};
/* End PBXTargetDependency section */

/* Begin PBXVariantGroup section */
		96BB487F25500EDC001F4643 /* Main.storyboard */ = {
			isa = PBXVariantGroup;
			children = (
				96BB488025500EDC001F4643 /* Base */,
			);
			name = Main.storyboard;
			sourceTree = "<group>";
		};
		96BB488425500EDD001F4643 /* LaunchScreen.storyboard */ = {
			isa = PBXVariantGroup;
			children = (
				96BB488525500EDD001F4643 /* Base */,
			);
			name = LaunchScreen.storyboard;
			sourceTree = "<group>";
		};
/* End PBXVariantGroup section */

/* Begin XCBuildConfiguration section */
		96BB489E25500EDD001F4643 /* Debug */ = {
			isa = XCBuildConfiguration;
			buildSettings = {
				ALWAYS_SEARCH_USER_PATHS = NO;
				CLANG_ANALYZER_NONNULL = YES;
				CLANG_ANALYZER_NUMBER_OBJECT_CONVERSION = YES_AGGRESSIVE;
				CLANG_CXX_LANGUAGE_STANDARD = "gnu++14";
				CLANG_CXX_LIBRARY = "libc++";
				CLANG_ENABLE_MODULES = YES;
				CLANG_ENABLE_OBJC_ARC = YES;
				CLANG_ENABLE_OBJC_WEAK = YES;
				CLANG_WARN_BLOCK_CAPTURE_AUTORELEASING = YES;
				CLANG_WARN_BOOL_CONVERSION = YES;
				CLANG_WARN_COMMA = YES;
				CLANG_WARN_CONSTANT_CONVERSION = YES;
				CLANG_WARN_DEPRECATED_OBJC_IMPLEMENTATIONS = YES;
				CLANG_WARN_DIRECT_OBJC_ISA_USAGE = YES_ERROR;
				CLANG_WARN_DOCUMENTATION_COMMENTS = YES;
				CLANG_WARN_EMPTY_BODY = YES;
				CLANG_WARN_ENUM_CONVERSION = YES;
				CLANG_WARN_INFINITE_RECURSION = YES;
				CLANG_WARN_INT_CONVERSION = YES;
				CLANG_WARN_NON_LITERAL_NULL_CONVERSION = YES;
				CLANG_WARN_OBJC_IMPLICIT_RETAIN_SELF = YES;
				CLANG_WARN_OBJC_LITERAL_CONVERSION = YES;
				CLANG_WARN_OBJC_ROOT_CLASS = YES_ERROR;
				CLANG_WARN_QUOTED_INCLUDE_IN_FRAMEWORK_HEADER = YES;
				CLANG_WARN_RANGE_LOOP_ANALYSIS = YES;
				CLANG_WARN_STRICT_PROTOTYPES = YES;
				CLANG_WARN_SUSPICIOUS_MOVE = YES;
				CLANG_WARN_UNGUARDED_AVAILABILITY = YES_AGGRESSIVE;
				CLANG_WARN_UNREACHABLE_CODE = YES;
				CLANG_WARN__DUPLICATE_METHOD_MATCH = YES;
				COPY_PHASE_STRIP = NO;
				DEBUG_INFORMATION_FORMAT = dwarf;
				ENABLE_STRICT_OBJC_MSGSEND = YES;
				ENABLE_TESTABILITY = YES;
				GCC_C_LANGUAGE_STANDARD = gnu11;
				GCC_DYNAMIC_NO_PIC = NO;
				GCC_NO_COMMON_BLOCKS = YES;
				GCC_OPTIMIZATION_LEVEL = 0;
				GCC_PREPROCESSOR_DEFINITIONS = (
					"DEBUG=1",
					"$(inherited)",
				);
				GCC_WARN_64_TO_32_BIT_CONVERSION = YES;
				GCC_WARN_ABOUT_RETURN_TYPE = YES_ERROR;
				GCC_WARN_UNDECLARED_SELECTOR = YES;
				GCC_WARN_UNINITIALIZED_AUTOS = YES_AGGRESSIVE;
				GCC_WARN_UNUSED_FUNCTION = YES;
				GCC_WARN_UNUSED_VARIABLE = YES;
				IPHONEOS_DEPLOYMENT_TARGET = 14.1;
				MTL_ENABLE_DEBUG_INFO = INCLUDE_SOURCE;
				MTL_FAST_MATH = YES;
				ONLY_ACTIVE_ARCH = YES;
				SDKROOT = iphoneos;
				SWIFT_ACTIVE_COMPILATION_CONDITIONS = DEBUG;
				SWIFT_OPTIMIZATION_LEVEL = "-Onone";
			};
			name = Debug;
		};
		96BB489F25500EDD001F4643 /* Release */ = {
			isa = XCBuildConfiguration;
			buildSettings = {
				ALWAYS_SEARCH_USER_PATHS = NO;
				CLANG_ANALYZER_NONNULL = YES;
				CLANG_ANALYZER_NUMBER_OBJECT_CONVERSION = YES_AGGRESSIVE;
				CLANG_CXX_LANGUAGE_STANDARD = "gnu++14";
				CLANG_CXX_LIBRARY = "libc++";
				CLANG_ENABLE_MODULES = YES;
				CLANG_ENABLE_OBJC_ARC = YES;
				CLANG_ENABLE_OBJC_WEAK = YES;
				CLANG_WARN_BLOCK_CAPTURE_AUTORELEASING = YES;
				CLANG_WARN_BOOL_CONVERSION = YES;
				CLANG_WARN_COMMA = YES;
				CLANG_WARN_CONSTANT_CONVERSION = YES;
				CLANG_WARN_DEPRECATED_OBJC_IMPLEMENTATIONS = YES;
				CLANG_WARN_DIRECT_OBJC_ISA_USAGE = YES_ERROR;
				CLANG_WARN_DOCUMENTATION_COMMENTS = YES;
				CLANG_WARN_EMPTY_BODY = YES;
				CLANG_WARN_ENUM_CONVERSION = YES;
				CLANG_WARN_INFINITE_RECURSION = YES;
				CLANG_WARN_INT_CONVERSION = YES;
				CLANG_WARN_NON_LITERAL_NULL_CONVERSION = YES;
				CLANG_WARN_OBJC_IMPLICIT_RETAIN_SELF = YES;
				CLANG_WARN_OBJC_LITERAL_CONVERSION = YES;
				CLANG_WARN_OBJC_ROOT_CLASS = YES_ERROR;
				CLANG_WARN_QUOTED_INCLUDE_IN_FRAMEWORK_HEADER = YES;
				CLANG_WARN_RANGE_LOOP_ANALYSIS = YES;
				CLANG_WARN_STRICT_PROTOTYPES = YES;
				CLANG_WARN_SUSPICIOUS_MOVE = YES;
				CLANG_WARN_UNGUARDED_AVAILABILITY = YES_AGGRESSIVE;
				CLANG_WARN_UNREACHABLE_CODE = YES;
				CLANG_WARN__DUPLICATE_METHOD_MATCH = YES;
				COPY_PHASE_STRIP = NO;
				DEBUG_INFORMATION_FORMAT = "dwarf-with-dsym";
				ENABLE_NS_ASSERTIONS = NO;
				ENABLE_STRICT_OBJC_MSGSEND = YES;
				GCC_C_LANGUAGE_STANDARD = gnu11;
				GCC_NO_COMMON_BLOCKS = YES;
				GCC_WARN_64_TO_32_BIT_CONVERSION = YES;
				GCC_WARN_ABOUT_RETURN_TYPE = YES_ERROR;
				GCC_WARN_UNDECLARED_SELECTOR = YES;
				GCC_WARN_UNINITIALIZED_AUTOS = YES_AGGRESSIVE;
				GCC_WARN_UNUSED_FUNCTION = YES;
				GCC_WARN_UNUSED_VARIABLE = YES;
				IPHONEOS_DEPLOYMENT_TARGET = 14.1;
				MTL_ENABLE_DEBUG_INFO = NO;
				MTL_FAST_MATH = YES;
				SDKROOT = iphoneos;
				SWIFT_COMPILATION_MODE = wholemodule;
				SWIFT_OPTIMIZATION_LEVEL = "-O";
				VALIDATE_PRODUCT = YES;
			};
			name = Release;
		};
		96BB48A125500EDD001F4643 /* Debug */ = {
			isa = XCBuildConfiguration;
			buildSettings = {
				ASSETCATALOG_COMPILER_APPICON_NAME = AppIcon;
				ASSETCATALOG_COMPILER_GLOBAL_ACCENT_COLOR_NAME = AccentColor;
				CODE_SIGN_STYLE = Automatic;
				DEVELOPMENT_TEAM = DTUSCAYQM8;
				INFOPLIST_FILE = PhotoApp/Info.plist;
				LD_RUNPATH_SEARCH_PATHS = (
					"$(inherited)",
					"@executable_path/Frameworks",
				);
				PRODUCT_BUNDLE_IDENTIFIER = com.davidgalan.PhotoApp;
				PRODUCT_NAME = "$(TARGET_NAME)";
				SWIFT_VERSION = 5.0;
				TARGETED_DEVICE_FAMILY = "1,2";
			};
			name = Debug;
		};
		96BB48A225500EDD001F4643 /* Release */ = {
			isa = XCBuildConfiguration;
			buildSettings = {
				ASSETCATALOG_COMPILER_APPICON_NAME = AppIcon;
				ASSETCATALOG_COMPILER_GLOBAL_ACCENT_COLOR_NAME = AccentColor;
				CODE_SIGN_STYLE = Automatic;
				DEVELOPMENT_TEAM = DTUSCAYQM8;
				INFOPLIST_FILE = PhotoApp/Info.plist;
				LD_RUNPATH_SEARCH_PATHS = (
					"$(inherited)",
					"@executable_path/Frameworks",
				);
				PRODUCT_BUNDLE_IDENTIFIER = com.davidgalan.PhotoApp;
				PRODUCT_NAME = "$(TARGET_NAME)";
				SWIFT_VERSION = 5.0;
				TARGETED_DEVICE_FAMILY = "1,2";
			};
			name = Release;
		};
		96BB48A425500EDD001F4643 /* Debug */ = {
			isa = XCBuildConfiguration;
			buildSettings = {
				ALWAYS_EMBED_SWIFT_STANDARD_LIBRARIES = YES;
				BUNDLE_LOADER = "$(TEST_HOST)";
				CODE_SIGN_STYLE = Automatic;
				DEVELOPMENT_TEAM = DTUSCAYQM8;
				INFOPLIST_FILE = PhotoAppTests/Info.plist;
				IPHONEOS_DEPLOYMENT_TARGET = 14.1;
				LD_RUNPATH_SEARCH_PATHS = (
					"$(inherited)",
					"@executable_path/Frameworks",
					"@loader_path/Frameworks",
				);
				PRODUCT_BUNDLE_IDENTIFIER = com.davidgalan.PhotoAppTests;
				PRODUCT_NAME = "$(TARGET_NAME)";
				SWIFT_VERSION = 5.0;
				TARGETED_DEVICE_FAMILY = "1,2";
				TEST_HOST = "$(BUILT_PRODUCTS_DIR)/PhotoApp.app/PhotoApp";
			};
			name = Debug;
		};
		96BB48A525500EDD001F4643 /* Release */ = {
			isa = XCBuildConfiguration;
			buildSettings = {
				ALWAYS_EMBED_SWIFT_STANDARD_LIBRARIES = YES;
				BUNDLE_LOADER = "$(TEST_HOST)";
				CODE_SIGN_STYLE = Automatic;
				DEVELOPMENT_TEAM = DTUSCAYQM8;
				INFOPLIST_FILE = PhotoAppTests/Info.plist;
				IPHONEOS_DEPLOYMENT_TARGET = 14.1;
				LD_RUNPATH_SEARCH_PATHS = (
					"$(inherited)",
					"@executable_path/Frameworks",
					"@loader_path/Frameworks",
				);
				PRODUCT_BUNDLE_IDENTIFIER = com.davidgalan.PhotoAppTests;
				PRODUCT_NAME = "$(TARGET_NAME)";
				SWIFT_VERSION = 5.0;
				TARGETED_DEVICE_FAMILY = "1,2";
				TEST_HOST = "$(BUILT_PRODUCTS_DIR)/PhotoApp.app/PhotoApp";
			};
			name = Release;
		};
		96BB48A725500EDD001F4643 /* Debug */ = {
			isa = XCBuildConfiguration;
			buildSettings = {
				ALWAYS_EMBED_SWIFT_STANDARD_LIBRARIES = YES;
				CODE_SIGN_STYLE = Automatic;
				DEVELOPMENT_TEAM = DTUSCAYQM8;
				INFOPLIST_FILE = PhotoAppUITests/Info.plist;
				LD_RUNPATH_SEARCH_PATHS = (
					"$(inherited)",
					"@executable_path/Frameworks",
					"@loader_path/Frameworks",
				);
				PRODUCT_BUNDLE_IDENTIFIER = com.davidgalan.PhotoAppUITests;
				PRODUCT_NAME = "$(TARGET_NAME)";
				SWIFT_VERSION = 5.0;
				TARGETED_DEVICE_FAMILY = "1,2";
				TEST_TARGET_NAME = PhotoApp;
			};
			name = Debug;
		};
		96BB48A825500EDD001F4643 /* Release */ = {
			isa = XCBuildConfiguration;
			buildSettings = {
				ALWAYS_EMBED_SWIFT_STANDARD_LIBRARIES = YES;
				CODE_SIGN_STYLE = Automatic;
				DEVELOPMENT_TEAM = DTUSCAYQM8;
				INFOPLIST_FILE = PhotoAppUITests/Info.plist;
				LD_RUNPATH_SEARCH_PATHS = (
					"$(inherited)",
					"@executable_path/Frameworks",
					"@loader_path/Frameworks",
				);
				PRODUCT_BUNDLE_IDENTIFIER = com.davidgalan.PhotoAppUITests;
				PRODUCT_NAME = "$(TARGET_NAME)";
				SWIFT_VERSION = 5.0;
				TARGETED_DEVICE_FAMILY = "1,2";
				TEST_TARGET_NAME = PhotoApp;
			};
			name = Release;
		};
/* End XCBuildConfiguration section */

/* Begin XCConfigurationList section */
		96BB487125500EDC001F4643 /* Build configuration list for PBXProject "PhotoApp" */ = {
			isa = XCConfigurationList;
			buildConfigurations = (
				96BB489E25500EDD001F4643 /* Debug */,
				96BB489F25500EDD001F4643 /* Release */,
			);
			defaultConfigurationIsVisible = 0;
			defaultConfigurationName = Release;
		};
		96BB48A025500EDD001F4643 /* Build configuration list for PBXNativeTarget "PhotoApp" */ = {
			isa = XCConfigurationList;
			buildConfigurations = (
				96BB48A125500EDD001F4643 /* Debug */,
				96BB48A225500EDD001F4643 /* Release */,
			);
			defaultConfigurationIsVisible = 0;
			defaultConfigurationName = Release;
		};
		96BB48A325500EDD001F4643 /* Build configuration list for PBXNativeTarget "PhotoAppTests" */ = {
			isa = XCConfigurationList;
			buildConfigurations = (
				96BB48A425500EDD001F4643 /* Debug */,
				96BB48A525500EDD001F4643 /* Release */,
			);
			defaultConfigurationIsVisible = 0;
			defaultConfigurationName = Release;
		};
		96BB48A625500EDD001F4643 /* Build configuration list for PBXNativeTarget "PhotoAppUITests" */ = {
			isa = XCConfigurationList;
			buildConfigurations = (
				96BB48A725500EDD001F4643 /* Debug */,
				96BB48A825500EDD001F4643 /* Release */,
			);
			defaultConfigurationIsVisible = 0;
			defaultConfigurationName = Release;
		};
/* End XCConfigurationList section */
	};
	rootObject = 96BB486E25500EDC001F4643 /* Project object */;
}
